{
  "requires": true,
  "lockfileVersion": 1,
  "dependencies": {
    "html5-qrcode": {
      "version": "2.1.2",
      "resolved": "https://registry.npmjs.org/html5-qrcode/-/html5-qrcode-2.1.2.tgz",
      "integrity": "sha512-AaXE5tQA1NIPX0VkJg9d7ZtQiZEXkg5kP0TlyG+6ld2cPUi6PAE1gdNqq0NgseSz8P4zhkP2j/R6FFImWk52EA=="
    }
  }
}
